// !$*UTF8*$!
{
	archiveVersion = 1;
	classes = {
	};
	objectVersion = 56;
	objects = {

/* Begin PBXBuildFile section */
		101184CA2A937367000D4267 /* ShimmerEffectView.swift in Sources */ = {isa = PBXBuildFile; fileRef = 101184C92A937367000D4267 /* ShimmerEffectView.swift */; };
		107754232A8CA34B0083BC27 /* MomentsView.swift in Sources */ = {isa = PBXBuildFile; fileRef = 107754222A8CA34B0083BC27 /* MomentsView.swift */; };
		107754252A8CAB540083BC27 /* EditorsChoiceView.swift in Sources */ = {isa = PBXBuildFile; fileRef = 107754242A8CAB540083BC27 /* EditorsChoiceView.swift */; };
		107754272A8CB4880083BC27 /* Moments.swift in Sources */ = {isa = PBXBuildFile; fileRef = 107754262A8CB4880083BC27 /* Moments.swift */; };
		107754292A8CB4A20083BC27 /* EditorsChoice.swift in Sources */ = {isa = PBXBuildFile; fileRef = 107754282A8CB4A20083BC27 /* EditorsChoice.swift */; };
		1077542B2A8CC6C70083BC27 /* TrendingChannelView.swift in Sources */ = {isa = PBXBuildFile; fileRef = 1077542A2A8CC6C70083BC27 /* TrendingChannelView.swift */; };
		1077542D2A8CC76E0083BC27 /* TrendingChannel.swift in Sources */ = {isa = PBXBuildFile; fileRef = 1077542C2A8CC76E0083BC27 /* TrendingChannel.swift */; };
		1077542F2A8CD31D0083BC27 /* FeedView.swift in Sources */ = {isa = PBXBuildFile; fileRef = 1077542E2A8CD31D0083BC27 /* FeedView.swift */; };
		10ED692B2A89F05300DAE206 /* ToffeeApp.swift in Sources */ = {isa = PBXBuildFile; fileRef = 10ED692A2A89F05300DAE206 /* ToffeeApp.swift */; };
		10ED692D2A89F05300DAE206 /* ContentView.swift in Sources */ = {isa = PBXBuildFile; fileRef = 10ED692C2A89F05300DAE206 /* ContentView.swift */; };
		10ED692F2A89F05400DAE206 /* Assets.xcassets in Resources */ = {isa = PBXBuildFile; fileRef = 10ED692E2A89F05400DAE206 /* Assets.xcassets */; };
		10ED69322A89F05400DAE206 /* Preview Assets.xcassets in Resources */ = {isa = PBXBuildFile; fileRef = 10ED69312A89F05400DAE206 /* Preview Assets.xcassets */; };
		10ED693F2A89F07F00DAE206 /* ProfileView.swift in Sources */ = {isa = PBXBuildFile; fileRef = 10ED69392A89F07F00DAE206 /* ProfileView.swift */; };
		10ED69402A89F07F00DAE206 /* CurveShapeView.swift in Sources */ = {isa = PBXBuildFile; fileRef = 10ED693A2A89F07F00DAE206 /* CurveShapeView.swift */; };
		10ED69412A89F07F00DAE206 /* HomeView.swift in Sources */ = {isa = PBXBuildFile; fileRef = 10ED693B2A89F07F00DAE206 /* HomeView.swift */; };
		10ED69422A89F07F00DAE206 /* FlagView.swift in Sources */ = {isa = PBXBuildFile; fileRef = 10ED693C2A89F07F00DAE206 /* FlagView.swift */; };
		10ED69432A89F07F00DAE206 /* HomeScreenView.swift in Sources */ = {isa = PBXBuildFile; fileRef = 10ED693D2A89F07F00DAE206 /* HomeScreenView.swift */; };
		10ED69442A89F07F00DAE206 /* SettingView.swift in Sources */ = {isa = PBXBuildFile; fileRef = 10ED693E2A89F07F00DAE206 /* SettingView.swift */; };
		10ED69482A89F37D00DAE206 /* CarosalView.swift in Sources */ = {isa = PBXBuildFile; fileRef = 10ED69472A89F37D00DAE206 /* CarosalView.swift */; };
		10ED694B2A8A100500DAE206 /* Colors.swift in Sources */ = {isa = PBXBuildFile; fileRef = 10ED694A2A8A100500DAE206 /* Colors.swift */; };
		10ED694E2A8A1B1E00DAE206 /* RoundedCornerShape.swift in Sources */ = {isa = PBXBuildFile; fileRef = 10ED694D2A8A1B1E00DAE206 /* RoundedCornerShape.swift */; };
		10ED69502A8A21CC00DAE206 /* TVChannelView.swift in Sources */ = {isa = PBXBuildFile; fileRef = 10ED694F2A8A21CC00DAE206 /* TVChannelView.swift */; };
		10ED69522A8A2E0C00DAE206 /* CategoryView.swift in Sources */ = {isa = PBXBuildFile; fileRef = 10ED69512A8A2E0C00DAE206 /* CategoryView.swift */; };
		10ED69542A8A2F9400DAE206 /* ListTitleView.swift in Sources */ = {isa = PBXBuildFile; fileRef = 10ED69532A8A2F9400DAE206 /* ListTitleView.swift */; };
		10ED69572A8A375700DAE206 /* Category.swift in Sources */ = {isa = PBXBuildFile; fileRef = 10ED69562A8A375700DAE206 /* Category.swift */; };
/* End PBXBuildFile section */

/* Begin PBXFileReference section */
		101184C92A937367000D4267 /* ShimmerEffectView.swift */ = {isa = PBXFileReference; lastKnownFileType = sourcecode.swift; path = ShimmerEffectView.swift; sourceTree = "<group>"; };
		107754222A8CA34B0083BC27 /* MomentsView.swift */ = {isa = PBXFileReference; lastKnownFileType = sourcecode.swift; path = MomentsView.swift; sourceTree = "<group>"; };
		107754242A8CAB540083BC27 /* EditorsChoiceView.swift */ = {isa = PBXFileReference; lastKnownFileType = sourcecode.swift; path = EditorsChoiceView.swift; sourceTree = "<group>"; };
		107754262A8CB4880083BC27 /* Moments.swift */ = {isa = PBXFileReference; lastKnownFileType = sourcecode.swift; path = Moments.swift; sourceTree = "<group>"; };
		107754282A8CB4A20083BC27 /* EditorsChoice.swift */ = {isa = PBXFileReference; lastKnownFileType = sourcecode.swift; path = EditorsChoice.swift; sourceTree = "<group>"; };
		1077542A2A8CC6C70083BC27 /* TrendingChannelView.swift */ = {isa = PBXFileReference; lastKnownFileType = sourcecode.swift; path = TrendingChannelView.swift; sourceTree = "<group>"; };
		1077542C2A8CC76E0083BC27 /* TrendingChannel.swift */ = {isa = PBXFileReference; lastKnownFileType = sourcecode.swift; path = TrendingChannel.swift; sourceTree = "<group>"; };
		1077542E2A8CD31D0083BC27 /* FeedView.swift */ = {isa = PBXFileReference; lastKnownFileType = sourcecode.swift; path = FeedView.swift; sourceTree = "<group>"; };
		10ED69272A89F05300DAE206 /* Toffee.app */ = {isa = PBXFileReference; explicitFileType = wrapper.application; includeInIndex = 0; path = Toffee.app; sourceTree = BUILT_PRODUCTS_DIR; };
		10ED692A2A89F05300DAE206 /* ToffeeApp.swift */ = {isa = PBXFileReference; lastKnownFileType = sourcecode.swift; path = ToffeeApp.swift; sourceTree = "<group>"; };
		10ED692C2A89F05300DAE206 /* ContentView.swift */ = {isa = PBXFileReference; lastKnownFileType = sourcecode.swift; path = ContentView.swift; sourceTree = "<group>"; };
		10ED692E2A89F05400DAE206 /* Assets.xcassets */ = {isa = PBXFileReference; lastKnownFileType = folder.assetcatalog; path = Assets.xcassets; sourceTree = "<group>"; };
		10ED69312A89F05400DAE206 /* Preview Assets.xcassets */ = {isa = PBXFileReference; lastKnownFileType = folder.assetcatalog; path = "Preview Assets.xcassets"; sourceTree = "<group>"; };
		10ED69392A89F07F00DAE206 /* ProfileView.swift */ = {isa = PBXFileReference; fileEncoding = 4; lastKnownFileType = sourcecode.swift; path = ProfileView.swift; sourceTree = "<group>"; };
		10ED693A2A89F07F00DAE206 /* CurveShapeView.swift */ = {isa = PBXFileReference; fileEncoding = 4; lastKnownFileType = sourcecode.swift; path = CurveShapeView.swift; sourceTree = "<group>"; };
		10ED693B2A89F07F00DAE206 /* HomeView.swift */ = {isa = PBXFileReference; fileEncoding = 4; lastKnownFileType = sourcecode.swift; path = HomeView.swift; sourceTree = "<group>"; };
		10ED693C2A89F07F00DAE206 /* FlagView.swift */ = {isa = PBXFileReference; fileEncoding = 4; lastKnownFileType = sourcecode.swift; path = FlagView.swift; sourceTree = "<group>"; };
		10ED693D2A89F07F00DAE206 /* HomeScreenView.swift */ = {isa = PBXFileReference; fileEncoding = 4; lastKnownFileType = sourcecode.swift; path = HomeScreenView.swift; sourceTree = "<group>"; };
		10ED693E2A89F07F00DAE206 /* SettingView.swift */ = {isa = PBXFileReference; fileEncoding = 4; lastKnownFileType = sourcecode.swift; path = SettingView.swift; sourceTree = "<group>"; };
		10ED69472A89F37D00DAE206 /* CarosalView.swift */ = {isa = PBXFileReference; lastKnownFileType = sourcecode.swift; path = CarosalView.swift; sourceTree = "<group>"; };
		10ED694A2A8A100500DAE206 /* Colors.swift */ = {isa = PBXFileReference; lastKnownFileType = sourcecode.swift; path = Colors.swift; sourceTree = "<group>"; };
		10ED694D2A8A1B1E00DAE206 /* RoundedCornerShape.swift */ = {isa = PBXFileReference; lastKnownFileType = sourcecode.swift; path = RoundedCornerShape.swift; sourceTree = "<group>"; };
		10ED694F2A8A21CC00DAE206 /* TVChannelView.swift */ = {isa = PBXFileReference; lastKnownFileType = sourcecode.swift; path = TVChannelView.swift; sourceTree = "<group>"; };
		10ED69512A8A2E0C00DAE206 /* CategoryView.swift */ = {isa = PBXFileReference; lastKnownFileType = sourcecode.swift; path = CategoryView.swift; sourceTree = "<group>"; };
		10ED69532A8A2F9400DAE206 /* ListTitleView.swift */ = {isa = PBXFileReference; lastKnownFileType = sourcecode.swift; path = ListTitleView.swift; sourceTree = "<group>"; };
		10ED69562A8A375700DAE206 /* Category.swift */ = {isa = PBXFileReference; lastKnownFileType = sourcecode.swift; path = Category.swift; sourceTree = "<group>"; };
/* End PBXFileReference section */

/* Begin PBXFrameworksBuildPhase section */
		10ED69242A89F05300DAE206 /* Frameworks */ = {
			isa = PBXFrameworksBuildPhase;
			buildActionMask = 2147483647;
			files = (
			);
			runOnlyForDeploymentPostprocessing = 0;
		};
/* End PBXFrameworksBuildPhase section */

/* Begin PBXGroup section */
		10ED691E2A89F05300DAE206 = {
			isa = PBXGroup;
			children = (
				10ED69292A89F05300DAE206 /* Toffee */,
				10ED69282A89F05300DAE206 /* Products */,
			);
			sourceTree = "<group>";
		};
		10ED69282A89F05300DAE206 /* Products */ = {
			isa = PBXGroup;
			children = (
				10ED69272A89F05300DAE206 /* Toffee.app */,
			);
			name = Products;
			sourceTree = "<group>";
		};
		10ED69292A89F05300DAE206 /* Toffee */ = {
			isa = PBXGroup;
			children = (
				10ED69552A8A373E00DAE206 /* Model */,
				10ED69492A8A0FF400DAE206 /* Colors */,
				10ED69382A89F07F00DAE206 /* View */,
				10ED692A2A89F05300DAE206 /* ToffeeApp.swift */,
				10ED692C2A89F05300DAE206 /* ContentView.swift */,
				10ED692E2A89F05400DAE206 /* Assets.xcassets */,
				10ED69302A89F05400DAE206 /* Preview Content */,
			);
			path = Toffee;
			sourceTree = "<group>";
		};
		10ED69302A89F05400DAE206 /* Preview Content */ = {
			isa = PBXGroup;
			children = (
				10ED69312A89F05400DAE206 /* Preview Assets.xcassets */,
			);
			path = "Preview Content";
			sourceTree = "<group>";
		};
		10ED69382A89F07F00DAE206 /* View */ = {
			isa = PBXGroup;
			children = (
				10ED69462A89F35000DAE206 /* MainView */,
				10ED69452A89F32D00DAE206 /* SubView */,
				10ED694C2A8A1AE000DAE206 /* Shape */,
			);
			path = View;
			sourceTree = "<group>";
		};
		10ED69452A89F32D00DAE206 /* SubView */ = {
			isa = PBXGroup;
			children = (
				10ED69472A89F37D00DAE206 /* CarosalView.swift */,
				10ED69532A8A2F9400DAE206 /* ListTitleView.swift */,
				10ED694F2A8A21CC00DAE206 /* TVChannelView.swift */,
				10ED69512A8A2E0C00DAE206 /* CategoryView.swift */,
				107754222A8CA34B0083BC27 /* MomentsView.swift */,
				107754242A8CAB540083BC27 /* EditorsChoiceView.swift */,
				1077542A2A8CC6C70083BC27 /* TrendingChannelView.swift */,
				1077542E2A8CD31D0083BC27 /* FeedView.swift */,
				101184C92A937367000D4267 /* ShimmerEffectView.swift */,
			);
			path = SubView;
			sourceTree = "<group>";
		};
		10ED69462A89F35000DAE206 /* MainView */ = {
			isa = PBXGroup;
			children = (
				10ED693D2A89F07F00DAE206 /* HomeScreenView.swift */,
				10ED693B2A89F07F00DAE206 /* HomeView.swift */,
				10ED693C2A89F07F00DAE206 /* FlagView.swift */,
				10ED693E2A89F07F00DAE206 /* SettingView.swift */,
				10ED69392A89F07F00DAE206 /* ProfileView.swift */,
			);
			path = MainView;
			sourceTree = "<group>";
		};
		10ED69492A8A0FF400DAE206 /* Colors */ = {
			isa = PBXGroup;
			children = (
				10ED694A2A8A100500DAE206 /* Colors.swift */,
			);
			path = Colors;
			sourceTree = "<group>";
		};
		10ED694C2A8A1AE000DAE206 /* Shape */ = {
			isa = PBXGroup;
			children = (
				10ED694D2A8A1B1E00DAE206 /* RoundedCornerShape.swift */,
				10ED693A2A89F07F00DAE206 /* CurveShapeView.swift */,
			);
			path = Shape;
			sourceTree = "<group>";
		};
		10ED69552A8A373E00DAE206 /* Model */ = {
			isa = PBXGroup;
			children = (
				10ED69562A8A375700DAE206 /* Category.swift */,
				1077542C2A8CC76E0083BC27 /* TrendingChannel.swift */,
				107754262A8CB4880083BC27 /* Moments.swift */,
				107754282A8CB4A20083BC27 /* EditorsChoice.swift */,
			);
			path = Model;
			sourceTree = "<group>";
		};
/* End PBXGroup section */

/* Begin PBXNativeTarget section */
		10ED69262A89F05300DAE206 /* Toffee */ = {
			isa = PBXNativeTarget;
			buildConfigurationList = 10ED69352A89F05400DAE206 /* Build configuration list for PBXNativeTarget "Toffee" */;
			buildPhases = (
				10ED69232A89F05300DAE206 /* Sources */,
				10ED69242A89F05300DAE206 /* Frameworks */,
				10ED69252A89F05300DAE206 /* Resources */,
			);
			buildRules = (
			);
			dependencies = (
			);
			name = Toffee;
			productName = Toffee;
			productReference = 10ED69272A89F05300DAE206 /* Toffee.app */;
			productType = "com.apple.product-type.application";
		};
/* End PBXNativeTarget section */

/* Begin PBXProject section */
		10ED691F2A89F05300DAE206 /* Project object */ = {
			isa = PBXProject;
			attributes = {
				BuildIndependentTargetsInParallel = 1;
				LastSwiftUpdateCheck = 1430;
				LastUpgradeCheck = 1430;
				TargetAttributes = {
					10ED69262A89F05300DAE206 = {
						CreatedOnToolsVersion = 14.3.1;
					};
				};
			};
			buildConfigurationList = 10ED69222A89F05300DAE206 /* Build configuration list for PBXProject "Toffee" */;
			compatibilityVersion = "Xcode 14.0";
			developmentRegion = en;
			hasScannedForEncodings = 0;
			knownRegions = (
				en,
				Base,
			);
			mainGroup = 10ED691E2A89F05300DAE206;
			productRefGroup = 10ED69282A89F05300DAE206 /* Products */;
			projectDirPath = "";
			projectRoot = "";
			targets = (
				10ED69262A89F05300DAE206 /* Toffee */,
			);
		};
/* End PBXProject section */

/* Begin PBXResourcesBuildPhase section */
		10ED69252A89F05300DAE206 /* Resources */ = {
			isa = PBXResourcesBuildPhase;
			buildActionMask = 2147483647;
			files = (
				10ED69322A89F05400DAE206 /* Preview Assets.xcassets in Resources */,
				10ED692F2A89F05400DAE206 /* Assets.xcassets in Resources */,
			);
			runOnlyForDeploymentPostprocessing = 0;
		};
/* End PBXResourcesBuildPhase section */

/* Begin PBXSourcesBuildPhase section */
		10ED69232A89F05300DAE206 /* Sources */ = {
			isa = PBXSourcesBuildPhase;
			buildActionMask = 2147483647;
			files = (
				10ED69502A8A21CC00DAE206 /* TVChannelView.swift in Sources */,
				101184CA2A937367000D4267 /* ShimmerEffectView.swift in Sources */,
				10ED69402A89F07F00DAE206 /* CurveShapeView.swift in Sources */,
				10ED694B2A8A100500DAE206 /* Colors.swift in Sources */,
				10ED692D2A89F05300DAE206 /* ContentView.swift in Sources */,
				10ED693F2A89F07F00DAE206 /* ProfileView.swift in Sources */,
				107754272A8CB4880083BC27 /* Moments.swift in Sources */,
				1077542F2A8CD31D0083BC27 /* FeedView.swift in Sources */,
				10ED69522A8A2E0C00DAE206 /* CategoryView.swift in Sources */,
				10ED69482A89F37D00DAE206 /* CarosalView.swift in Sources */,
				10ED69542A8A2F9400DAE206 /* ListTitleView.swift in Sources */,
				107754252A8CAB540083BC27 /* EditorsChoiceView.swift in Sources */,
				107754292A8CB4A20083BC27 /* EditorsChoice.swift in Sources */,
				1077542B2A8CC6C70083BC27 /* TrendingChannelView.swift in Sources */,
				10ED69412A89F07F00DAE206 /* HomeView.swift in Sources */,
				10ED69422A89F07F00DAE206 /* FlagView.swift in Sources */,
				1077542D2A8CC76E0083BC27 /* TrendingChannel.swift in Sources */,
				107754232A8CA34B0083BC27 /* MomentsView.swift in Sources */,
				10ED69442A89F07F00DAE206 /* SettingView.swift in Sources */,
				10ED69572A8A375700DAE206 /* Category.swift in Sources */,
				10ED69432A89F07F00DAE206 /* HomeScreenView.swift in Sources */,
				10ED692B2A89F05300DAE206 /* ToffeeApp.swift in Sources */,
				10ED694E2A8A1B1E00DAE206 /* RoundedCornerShape.swift in Sources */,
			);
			runOnlyForDeploymentPostprocessing = 0;
		};
/* End PBXSourcesBuildPhase section */

/* Begin XCBuildConfiguration section */
		10ED69332A89F05400DAE206 /* Debug */ = {
			isa = XCBuildConfiguration;
			buildSettings = {
				ALWAYS_SEARCH_USER_PATHS = NO;
				CLANG_ANALYZER_NONNULL = YES;
				CLANG_ANALYZER_NUMBER_OBJECT_CONVERSION = YES_AGGRESSIVE;
				CLANG_CXX_LANGUAGE_STANDARD = "gnu++20";
				CLANG_ENABLE_MODULES = YES;
				CLANG_ENABLE_OBJC_ARC = YES;
				CLANG_ENABLE_OBJC_WEAK = YES;
				CLANG_WARN_BLOCK_CAPTURE_AUTORELEASING = YES;
				CLANG_WARN_BOOL_CONVERSION = YES;
				CLANG_WARN_COMMA = YES;
				CLANG_WARN_CONSTANT_CONVERSION = YES;
				CLANG_WARN_DEPRECATED_OBJC_IMPLEMENTATIONS = YES;
				CLANG_WARN_DIRECT_OBJC_ISA_USAGE = YES_ERROR;
				CLANG_WARN_DOCUMENTATION_COMMENTS = YES;
				CLANG_WARN_EMPTY_BODY = YES;
				CLANG_WARN_ENUM_CONVERSION = YES;
				CLANG_WARN_INFINITE_RECURSION = YES;
				CLANG_WARN_INT_CONVERSION = YES;
				CLANG_WARN_NON_LITERAL_NULL_CONVERSION = YES;
				CLANG_WARN_OBJC_IMPLICIT_RETAIN_SELF = YES;
				CLANG_WARN_OBJC_LITERAL_CONVERSION = YES;
				CLANG_WARN_OBJC_ROOT_CLASS = YES_ERROR;
				CLANG_WARN_QUOTED_INCLUDE_IN_FRAMEWORK_HEADER = YES;
				CLANG_WARN_RANGE_LOOP_ANALYSIS = YES;
				CLANG_WARN_STRICT_PROTOTYPES = YES;
				CLANG_WARN_SUSPICIOUS_MOVE = YES;
				CLANG_WARN_UNGUARDED_AVAILABILITY = YES_AGGRESSIVE;
				CLANG_WARN_UNREACHABLE_CODE = YES;
				CLANG_WARN__DUPLICATE_METHOD_MATCH = YES;
				COPY_PHASE_STRIP = NO;
				DEBUG_INFORMATION_FORMAT = dwarf;
				ENABLE_STRICT_OBJC_MSGSEND = YES;
				ENABLE_TESTABILITY = YES;
				GCC_C_LANGUAGE_STANDARD = gnu11;
				GCC_DYNAMIC_NO_PIC = NO;
				GCC_NO_COMMON_BLOCKS = YES;
				GCC_OPTIMIZATION_LEVEL = 0;
				GCC_PREPROCESSOR_DEFINITIONS = (
					"DEBUG=1",
					"$(inherited)",
				);
				GCC_WARN_64_TO_32_BIT_CONVERSION = YES;
				GCC_WARN_ABOUT_RETURN_TYPE = YES_ERROR;
				GCC_WARN_UNDECLARED_SELECTOR = YES;
				GCC_WARN_UNINITIALIZED_AUTOS = YES_AGGRESSIVE;
				GCC_WARN_UNUSED_FUNCTION = YES;
				GCC_WARN_UNUSED_VARIABLE = YES;
				IPHONEOS_DEPLOYMENT_TARGET = 16.4;
				MTL_ENABLE_DEBUG_INFO = INCLUDE_SOURCE;
				MTL_FAST_MATH = YES;
				ONLY_ACTIVE_ARCH = YES;
				SDKROOT = iphoneos;
				SWIFT_ACTIVE_COMPILATION_CONDITIONS = DEBUG;
				SWIFT_OPTIMIZATION_LEVEL = "-Onone";
			};
			name = Debug;
		};
		10ED69342A89F05400DAE206 /* Release */ = {
			isa = XCBuildConfiguration;
			buildSettings = {
				ALWAYS_SEARCH_USER_PATHS = NO;
				CLANG_ANALYZER_NONNULL = YES;
				CLANG_ANALYZER_NUMBER_OBJECT_CONVERSION = YES_AGGRESSIVE;
				CLANG_CXX_LANGUAGE_STANDARD = "gnu++20";
				CLANG_ENABLE_MODULES = YES;
				CLANG_ENABLE_OBJC_ARC = YES;
				CLANG_ENABLE_OBJC_WEAK = YES;
				CLANG_WARN_BLOCK_CAPTURE_AUTORELEASING = YES;
				CLANG_WARN_BOOL_CONVERSION = YES;
				CLANG_WARN_COMMA = YES;
				CLANG_WARN_CONSTANT_CONVERSION = YES;
				CLANG_WARN_DEPRECATED_OBJC_IMPLEMENTATIONS = YES;
				CLANG_WARN_DIRECT_OBJC_ISA_USAGE = YES_ERROR;
				CLANG_WARN_DOCUMENTATION_COMMENTS = YES;
				CLANG_WARN_EMPTY_BODY = YES;
				CLANG_WARN_ENUM_CONVERSION = YES;
				CLANG_WARN_INFINITE_RECURSION = YES;
				CLANG_WARN_INT_CONVERSION = YES;
				CLANG_WARN_NON_LITERAL_NULL_CONVERSION = YES;
				CLANG_WARN_OBJC_IMPLICIT_RETAIN_SELF = YES;
				CLANG_WARN_OBJC_LITERAL_CONVERSION = YES;
				CLANG_WARN_OBJC_ROOT_CLASS = YES_ERROR;
				CLANG_WARN_QUOTED_INCLUDE_IN_FRAMEWORK_HEADER = YES;
				CLANG_WARN_RANGE_LOOP_ANALYSIS = YES;
				CLANG_WARN_STRICT_PROTOTYPES = YES;
				CLANG_WARN_SUSPICIOUS_MOVE = YES;
				CLANG_WARN_UNGUARDED_AVAILABILITY = YES_AGGRESSIVE;
				CLANG_WARN_UNREACHABLE_CODE = YES;
				CLANG_WARN__DUPLICATE_METHOD_MATCH = YES;
				COPY_PHASE_STRIP = NO;
				DEBUG_INFORMATION_FORMAT = "dwarf-with-dsym";
				ENABLE_NS_ASSERTIONS = NO;
				ENABLE_STRICT_OBJC_MSGSEND = YES;
				GCC_C_LANGUAGE_STANDARD = gnu11;
				GCC_NO_COMMON_BLOCKS = YES;
				GCC_WARN_64_TO_32_BIT_CONVERSION = YES;
				GCC_WARN_ABOUT_RETURN_TYPE = YES_ERROR;
				GCC_WARN_UNDECLARED_SELECTOR = YES;
				GCC_WARN_UNINITIALIZED_AUTOS = YES_AGGRESSIVE;
				GCC_WARN_UNUSED_FUNCTION = YES;
				GCC_WARN_UNUSED_VARIABLE = YES;
				IPHONEOS_DEPLOYMENT_TARGET = 16.4;
				MTL_ENABLE_DEBUG_INFO = NO;
				MTL_FAST_MATH = YES;
				SDKROOT = iphoneos;
				SWIFT_COMPILATION_MODE = wholemodule;
				SWIFT_OPTIMIZATION_LEVEL = "-O";
				VALIDATE_PRODUCT = YES;
			};
			name = Release;
		};
		10ED69362A89F05400DAE206 /* Debug */ = {
			isa = XCBuildConfiguration;
			buildSettings = {
				ASSETCATALOG_COMPILER_APPICON_NAME = AppIcon;
				ASSETCATALOG_COMPILER_GLOBAL_ACCENT_COLOR_NAME = AccentColor;
				CODE_SIGN_STYLE = Automatic;
				CURRENT_PROJECT_VERSION = 1;
				DEVELOPMENT_ASSET_PATHS = "\"Toffee/Preview Content\"";
				DEVELOPMENT_TEAM = 65M4MWT22C;
				ENABLE_PREVIEWS = YES;
				GENERATE_INFOPLIST_FILE = YES;
				INFOPLIST_KEY_UIApplicationSceneManifest_Generation = YES;
				INFOPLIST_KEY_UIApplicationSupportsIndirectInputEvents = YES;
				INFOPLIST_KEY_UILaunchScreen_Generation = YES;
				INFOPLIST_KEY_UISupportedInterfaceOrientations_iPad = "UIInterfaceOrientationPortrait UIInterfaceOrientationPortraitUpsideDown UIInterfaceOrientationLandscapeLeft UIInterfaceOrientationLandscapeRight";
				INFOPLIST_KEY_UISupportedInterfaceOrientations_iPhone = "UIInterfaceOrientationPortrait UIInterfaceOrientationLandscapeLeft UIInterfaceOrientationLandscapeRight";
				IPHONEOS_DEPLOYMENT_TARGET = 15.0;
				LD_RUNPATH_SEARCH_PATHS = (
					"$(inherited)",
					"@executable_path/Frameworks",
				);
				MARKETING_VERSION = 1.0;
				PRODUCT_BUNDLE_IDENTIFIER = com.mdabirhossain.Toffee.Toffee;
				PRODUCT_NAME = "$(TARGET_NAME)";
				SWIFT_EMIT_LOC_STRINGS = YES;
				SWIFT_VERSION = 5.0;
				TARGETED_DEVICE_FAMILY = "1,2";
			};
			name = Debug;
		};
		10ED69372A89F05400DAE206 /* Release */ = {
			isa = XCBuildConfiguration;
			buildSettings = {
				ASSETCATALOG_COMPILER_APPICON_NAME = AppIcon;
				ASSETCATALOG_COMPILER_GLOBAL_ACCENT_COLOR_NAME = AccentColor;
				CODE_SIGN_STYLE = Automatic;
				CURRENT_PROJECT_VERSION = 1;
				DEVELOPMENT_ASSET_PATHS = "\"Toffee/Preview Content\"";
				DEVELOPMENT_TEAM = 65M4MWT22C;
				ENABLE_PREVIEWS = YES;
				GENERATE_INFOPLIST_FILE = YES;
				INFOPLIST_KEY_UIApplicationSceneManifest_Generation = YES;
				INFOPLIST_KEY_UIApplicationSupportsIndirectInputEvents = YES;
				INFOPLIST_KEY_UILaunchScreen_Generation = YES;
				INFOPLIST_KEY_UISupportedInterfaceOrientations_iPad = "UIInterfaceOrientationPortrait UIInterfaceOrientationPortraitUpsideDown UIInterfaceOrientationLandscapeLeft UIInterfaceOrientationLandscapeRight";
				INFOPLIST_KEY_UISupportedInterfaceOrientations_iPhone = "UIInterfaceOrientationPortrait UIInterfaceOrientationLandscapeLeft UIInterfaceOrientationLandscapeRight";
				IPHONEOS_DEPLOYMENT_TARGET = 15.0;
				LD_RUNPATH_SEARCH_PATHS = (
					"$(inherited)",
					"@executable_path/Frameworks",
				);
				MARKETING_VERSION = 1.0;
				PRODUCT_BUNDLE_IDENTIFIER = com.mdabirhossain.Toffee.Toffee;
				PRODUCT_NAME = "$(TARGET_NAME)";
				SWIFT_EMIT_LOC_STRINGS = YES;
				SWIFT_VERSION = 5.0;
				TARGETED_DEVICE_FAMILY = "1,2";
			};
			name = Release;
		};
/* End XCBuildConfiguration section */

/* Begin XCConfigurationList section */
		10ED69222A89F05300DAE206 /* Build configuration list for PBXProject "Toffee" */ = {
			isa = XCConfigurationList;
			buildConfigurations = (
				10ED69332A89F05400DAE206 /* Debug */,
				10ED69342A89F05400DAE206 /* Release */,
			);
			defaultConfigurationIsVisible = 0;
			defaultConfigurationName = Release;
		};
		10ED69352A89F05400DAE206 /* Build configuration list for PBXNativeTarget "Toffee" */ = {
			isa = XCConfigurationList;
			buildConfigurations = (
				10ED69362A89F05400DAE206 /* Debug */,
				10ED69372A89F05400DAE206 /* Release */,
			);
			defaultConfigurationIsVisible = 0;
			defaultConfigurationName = Release;
		};
/* End XCConfigurationList section */
	};
	rootObject = 10ED691F2A89F05300DAE206 /* Project object */;
}
